<?xml version="1.0" encoding="UTF-8"?>
<CodeBlocks_project_file>
	<FileVersion major="1" minor="6"/>
	<Project>
		<Option title="phpx"/>
		<Option makefile_is_custom="1"/>
		<Option compiler="clang"/>
		<Option virtualFolders="CMake Files\;"/>
		<Build>
			<Target title="all">
				<Option working_dir="/Users/wensheng/helloworld/ES_PHPX"/>
				<Option type="4"/>
				<MakeCommands>
					<Build command="/usr/bin/make -j4 -f &quot;/Users/wensheng/helloworld/ES_PHPX/Makefile&quot;  VERBOSE=1 all"/>
					<CompileFile command="/usr/bin/make -j4 -f &quot;/Users/wensheng/helloworld/ES_PHPX/Makefile&quot;  VERBOSE=1 &quot;$file&quot;"/>
					<Clean command="/usr/bin/make -j4 -f &quot;/Users/wensheng/helloworld/ES_PHPX/Makefile&quot;  VERBOSE=1 clean"/>
					<DistClean command="/usr/bin/make -j4 -f &quot;/Users/wensheng/helloworld/ES_PHPX/Makefile&quot;  VERBOSE=1 clean"/>
				</MakeCommands>
			</Target>
			<Target title="install/strip">
				<Option working_dir="/Users/wensheng/helloworld/ES_PHPX"/>
				<Option type="4"/>
				<MakeCommands>
					<Build command="/usr/bin/make -j4 -f &quot;/Users/wensheng/helloworld/ES_PHPX/Makefile&quot;  VERBOSE=1 install/strip"/>
					<CompileFile command="/usr/bin/make -j4 -f &quot;/Users/wensheng/helloworld/ES_PHPX/Makefile&quot;  VERBOSE=1 &quot;$file&quot;"/>
					<Clean command="/usr/bin/make -j4 -f &quot;/Users/wensheng/helloworld/ES_PHPX/Makefile&quot;  VERBOSE=1 clean"/>
					<DistClean command="/usr/bin/make -j4 -f &quot;/Users/wensheng/helloworld/ES_PHPX/Makefile&quot;  VERBOSE=1 clean"/>
				</MakeCommands>
			</Target>
			<Target title="install">
				<Option working_dir="/Users/wensheng/helloworld/ES_PHPX"/>
				<Option type="4"/>
				<MakeCommands>
					<Build command="/usr/bin/make -j4 -f &quot;/Users/wensheng/helloworld/ES_PHPX/Makefile&quot;  VERBOSE=1 install"/>
					<CompileFile command="/usr/bin/make -j4 -f &quot;/Users/wensheng/helloworld/ES_PHPX/Makefile&quot;  VERBOSE=1 &quot;$file&quot;"/>
					<Clean command="/usr/bin/make -j4 -f &quot;/Users/wensheng/helloworld/ES_PHPX/Makefile&quot;  VERBOSE=1 clean"/>
					<DistClean command="/usr/bin/make -j4 -f &quot;/Users/wensheng/helloworld/ES_PHPX/Makefile&quot;  VERBOSE=1 clean"/>
				</MakeCommands>
			</Target>
			<Target title="list_install_components">
				<Option working_dir="/Users/wensheng/helloworld/ES_PHPX"/>
				<Option type="4"/>
				<MakeCommands>
					<Build command="/usr/bin/make -j4 -f &quot;/Users/wensheng/helloworld/ES_PHPX/Makefile&quot;  VERBOSE=1 list_install_components"/>
					<CompileFile command="/usr/bin/make -j4 -f &quot;/Users/wensheng/helloworld/ES_PHPX/Makefile&quot;  VERBOSE=1 &quot;$file&quot;"/>
					<Clean command="/usr/bin/make -j4 -f &quot;/Users/wensheng/helloworld/ES_PHPX/Makefile&quot;  VERBOSE=1 clean"/>
					<DistClean command="/usr/bin/make -j4 -f &quot;/Users/wensheng/helloworld/ES_PHPX/Makefile&quot;  VERBOSE=1 clean"/>
				</MakeCommands>
			</Target>
			<Target title="rebuild_cache">
				<Option working_dir="/Users/wensheng/helloworld/ES_PHPX"/>
				<Option type="4"/>
				<MakeCommands>
					<Build command="/usr/bin/make -j4 -f &quot;/Users/wensheng/helloworld/ES_PHPX/Makefile&quot;  VERBOSE=1 rebuild_cache"/>
					<CompileFile command="/usr/bin/make -j4 -f &quot;/Users/wensheng/helloworld/ES_PHPX/Makefile&quot;  VERBOSE=1 &quot;$file&quot;"/>
					<Clean command="/usr/bin/make -j4 -f &quot;/Users/wensheng/helloworld/ES_PHPX/Makefile&quot;  VERBOSE=1 clean"/>
					<DistClean command="/usr/bin/make -j4 -f &quot;/Users/wensheng/helloworld/ES_PHPX/Makefile&quot;  VERBOSE=1 clean"/>
				</MakeCommands>
			</Target>
			<Target title="edit_cache">
				<Option working_dir="/Users/wensheng/helloworld/ES_PHPX"/>
				<Option type="4"/>
				<MakeCommands>
					<Build command="/usr/bin/make -j4 -f &quot;/Users/wensheng/helloworld/ES_PHPX/Makefile&quot;  VERBOSE=1 edit_cache"/>
					<CompileFile command="/usr/bin/make -j4 -f &quot;/Users/wensheng/helloworld/ES_PHPX/Makefile&quot;  VERBOSE=1 &quot;$file&quot;"/>
					<Clean command="/usr/bin/make -j4 -f &quot;/Users/wensheng/helloworld/ES_PHPX/Makefile&quot;  VERBOSE=1 clean"/>
					<DistClean command="/usr/bin/make -j4 -f &quot;/Users/wensheng/helloworld/ES_PHPX/Makefile&quot;  VERBOSE=1 clean"/>
				</MakeCommands>
			</Target>
			<Target title="install/local">
				<Option working_dir="/Users/wensheng/helloworld/ES_PHPX"/>
				<Option type="4"/>
				<MakeCommands>
					<Build command="/usr/bin/make -j4 -f &quot;/Users/wensheng/helloworld/ES_PHPX/Makefile&quot;  VERBOSE=1 install/local"/>
					<CompileFile command="/usr/bin/make -j4 -f &quot;/Users/wensheng/helloworld/ES_PHPX/Makefile&quot;  VERBOSE=1 &quot;$file&quot;"/>
					<Clean command="/usr/bin/make -j4 -f &quot;/Users/wensheng/helloworld/ES_PHPX/Makefile&quot;  VERBOSE=1 clean"/>
					<DistClean command="/usr/bin/make -j4 -f &quot;/Users/wensheng/helloworld/ES_PHPX/Makefile&quot;  VERBOSE=1 clean"/>
				</MakeCommands>
			</Target>
			<Target title="phpx">
				<Option output="/Users/wensheng/helloworld/ES_PHPX/libphpx.dylib" prefix_auto="0" extension_auto="0"/>
				<Option working_dir="/Users/wensheng/helloworld/ES_PHPX"/>
				<Option object_output="./"/>
				<Option type="3"/>
				<Option compiler="clang"/>
				<Compiler>
					<Add directory="/usr/local/include/php/TSRM"/>
					<Add directory="/usr/local/include/php/main"/>
					<Add directory="/usr/local/include/php/Zend"/>
					<Add directory="/usr/local/include/php"/>
					<Add directory="/Users/wensheng/helloworld/ES_PHPX/include"/>
					<Add directory="/Library/Developer/CommandLineTools/usr/bin/../include/c++/v1"/>
					<Add directory="/usr/local/include"/>
					<Add directory="/Library/Developer/CommandLineTools/usr/bin/../lib/clang/8.0.0/include"/>
					<Add directory="/Library/Developer/CommandLineTools/usr/include"/>
					<Add directory="/usr/include"/>
					<Add directory="/System/Library/Frameworks"/>
					<Add directory="/Library/Frameworks"/>
				</Compiler>
				<MakeCommands>
					<Build command="/usr/bin/make -j4 -f &quot;/Users/wensheng/helloworld/ES_PHPX/Makefile&quot;  VERBOSE=1 phpx"/>
					<CompileFile command="/usr/bin/make -j4 -f &quot;/Users/wensheng/helloworld/ES_PHPX/Makefile&quot;  VERBOSE=1 &quot;$file&quot;"/>
					<Clean command="/usr/bin/make -j4 -f &quot;/Users/wensheng/helloworld/ES_PHPX/Makefile&quot;  VERBOSE=1 clean"/>
					<DistClean command="/usr/bin/make -j4 -f &quot;/Users/wensheng/helloworld/ES_PHPX/Makefile&quot;  VERBOSE=1 clean"/>
				</MakeCommands>
			</Target>
			<Target title="phpx/fast">
				<Option output="/Users/wensheng/helloworld/ES_PHPX/libphpx.dylib" prefix_auto="0" extension_auto="0"/>
				<Option working_dir="/Users/wensheng/helloworld/ES_PHPX"/>
				<Option object_output="./"/>
				<Option type="3"/>
				<Option compiler="clang"/>
				<Compiler>
					<Add directory="/usr/local/include/php/TSRM"/>
					<Add directory="/usr/local/include/php/main"/>
					<Add directory="/usr/local/include/php/Zend"/>
					<Add directory="/usr/local/include/php"/>
					<Add directory="/Users/wensheng/helloworld/ES_PHPX/include"/>
					<Add directory="/Library/Developer/CommandLineTools/usr/bin/../include/c++/v1"/>
					<Add directory="/usr/local/include"/>
					<Add directory="/Library/Developer/CommandLineTools/usr/bin/../lib/clang/8.0.0/include"/>
					<Add directory="/Library/Developer/CommandLineTools/usr/include"/>
					<Add directory="/usr/include"/>
					<Add directory="/System/Library/Frameworks"/>
					<Add directory="/Library/Frameworks"/>
				</Compiler>
				<MakeCommands>
					<Build command="/usr/bin/make -j4 -f &quot;/Users/wensheng/helloworld/ES_PHPX/Makefile&quot;  VERBOSE=1 phpx/fast"/>
					<CompileFile command="/usr/bin/make -j4 -f &quot;/Users/wensheng/helloworld/ES_PHPX/Makefile&quot;  VERBOSE=1 &quot;$file&quot;"/>
					<Clean command="/usr/bin/make -j4 -f &quot;/Users/wensheng/helloworld/ES_PHPX/Makefile&quot;  VERBOSE=1 clean"/>
					<DistClean command="/usr/bin/make -j4 -f &quot;/Users/wensheng/helloworld/ES_PHPX/Makefile&quot;  VERBOSE=1 clean"/>
				</MakeCommands>
			</Target>
		</Build>
		<Unit filename="/Users/wensheng/helloworld/ES_PHPX/src/array.cc">
			<Option target="phpx"/>
		</Unit>
		<Unit filename="/Users/wensheng/helloworld/ES_PHPX/src/base.cc">
			<Option target="phpx"/>
		</Unit>
		<Unit filename="/Users/wensheng/helloworld/ES_PHPX/src/class.cc">
			<Option target="phpx"/>
		</Unit>
		<Unit filename="/Users/wensheng/helloworld/ES_PHPX/src/exec.cc">
			<Option target="phpx"/>
		</Unit>
		<Unit filename="/Users/wensheng/helloworld/ES_PHPX/src/extension.cc">
			<Option target="phpx"/>
		</Unit>
		<Unit filename="/Users/wensheng/helloworld/ES_PHPX/src/function.cc">
			<Option target="phpx"/>
		</Unit>
		<Unit filename="/Users/wensheng/helloworld/ES_PHPX/src/hash.cc">
			<Option target="phpx"/>
		</Unit>
		<Unit filename="/Users/wensheng/helloworld/ES_PHPX/src/object.cc">
			<Option target="phpx"/>
		</Unit>
		<Unit filename="/Users/wensheng/helloworld/ES_PHPX/src/string.cc">
			<Option target="phpx"/>
		</Unit>
		<Unit filename="/Users/wensheng/helloworld/ES_PHPX/src/variant.cc">
			<Option target="phpx"/>
		</Unit>
		<Unit filename="/Users/wensheng/helloworld/ES_PHPX/CMakeLists.txt">
			<Option virtualFolder="CMake Files\"/>
		</Unit>
	</Project>
</CodeBlocks_project_file>
